
Microsoft Visual Studio Solution File, Format Version 12.00
# Visual Studio Version 16
VisualStudioVersion = 16.0.30413.136
MinimumVisualStudioVersion = 10.0.40219.1
Project("{FAE04EC0-301F-11D3-BF4B-00C04F79EFBC}") = "IShop", "IShop\IShop.csproj", "{A70EA51F-1A95-40CC-958B-CBB718E2DAEF}"
EndProject
Global
	GlobalSection(SolutionConfigurationPlatforms) = preSolution
		Debug|Any CPU = Debug|Any CPU
		Release|Any CPU = Release|Any CPU
	EndGlobalSection
	GlobalSection(ProjectConfigurationPlatforms) = postSolution
		{A70EA51F-1A95-40CC-958B-CBB718E2DAEF}.Debug|Any CPU.ActiveCfg = Debug|Any CPU
		{A70EA51F-1A95-40CC-958B-CBB718E2DAEF}.Debug|Any CPU.Build.0 = Debug|Any CPU
		{A70EA51F-1A95-40CC-958B-CBB718E2DAEF}.Release|Any CPU.ActiveCfg = Release|Any CPU
		{A70EA51F-1A95-40CC-958B-CBB718E2DAEF}.Release|Any CPU.Build.0 = Release|Any CPU
	EndGlobalSection
	GlobalSection(SolutionProperties) = preSolution
		HideSolutionNode = FALSE
	EndGlobalSection
	GlobalSection(ExtensibilityGlobals) = postSolution
		SolutionGuid = {70593A30-6FD6-40B4-8730-50A94C885FDE}
	EndGlobalSection
EndGlobal
